# This file is automatically @generated by Cargo.
# It is not intended for manual editing.
version = 4

[[package]]
name = "carranta-analytics"
version = "0.1.0"
dependencies = [
 "carranta-bot",
 "carranta-core",
 "carranta-record",
]

[[package]]
name = "carranta-bot"
version = "0.1.0"
dependencies = [
 "carranta-core",
]

[[package]]
name = "carranta-core"
version = "0.1.0"

[[package]]
name = "carranta-record"
version = "0.1.0"
dependencies = [
 "carranta-bot",
 "carranta-core",
]
